
Microsoft Visual Studio Solution File, Format Version 12.00
# Visual Studio Version 18
VisualStudioVersion = 18.0.11012.119
MinimumVisualStudioVersion = 10.0.40219.1
Project("{FAE04EC0-301F-11D3-BF4B-00C04F79EFBC}") = "Lib.Universal", "Lib.Universal\Lib.Universal.csproj", "{FBA4AB39-5629-FEAB-5F49-9C44FF57B532}"
EndProject
Project("{FAE04EC0-301F-11D3-BF4B-00C04F79EFBC}") = "Lib.Universal.Tests", "Lib.Universal.Tests\Lib.Universal.Tests.csproj", "{E00FB2C5-434D-D5BA-165F-F0D2FB9B7F59}"
EndProject
Project("{FAE04EC0-301F-11D3-BF4B-00C04F79EFBC}") = "TestConvenience.Core", "TestConvenience.Core\TestConvenience.Core.csproj", "{AEF1EDBA-41AB-003F-E84A-DD65FE59C236}"
EndProject
Project("{FAE04EC0-301F-11D3-BF4B-00C04F79EFBC}") = "Example.Core", "Example.Core\Example.Core.csproj", "{90596DAC-015F-DFF0-2F0B-5751F6A13485}"
EndProject
Project("{FAE04EC0-301F-11D3-BF4B-00C04F79EFBC}") = "Lib.Cosmos", "Lib.Cosmos\Lib.Cosmos.csproj", "{14CD34F5-B452-759E-A758-C58CC4DE7804}"
EndProject
Project("{FAE04EC0-301F-11D3-BF4B-00C04F79EFBC}") = "Lib.Cosmos.Tests", "Lib.Cosmos.Tests\Lib.Cosmos.Tests.csproj", "{244F570E-F0A7-A1C9-7667-889EBBFDDAAA}"
EndProject
Project("{FAE04EC0-301F-11D3-BF4B-00C04F79EFBC}") = "Lib.Scryfall.Ingestion", "Lib.Scryfall.Ingestion\Lib.Scryfall.Ingestion.csproj", "{8A9B5D4C-3E7F-4B8A-9C2D-1F6A8E9B7C3D}"
EndProject
Project("{FAE04EC0-301F-11D3-BF4B-00C04F79EFBC}") = "Lib.Scryfall.Ingestion.Tests", "Lib.Scryfall.Ingestion.Tests\Lib.Scryfall.Ingestion.Tests.csproj", "{21982649-E418-B194-9793-307C7895A8D8}"
EndProject
Project("{FAE04EC0-301F-11D3-BF4B-00C04F79EFBC}") = "Example.Scryfall.ApiDemo", "Example.Scryfall.ApiDemo\Example.Scryfall.ApiDemo.csproj", "{8F41964F-BEFB-4980-9A80-71746A11E9F5}"
EndProject
Project("{2150E333-8FDC-42A3-9474-1A3956D46DE8}") = ".toolFiles", ".toolFiles", "{96DD3C0B-3D59-72D0-DD74-F8C80B6C5F51}"
	ProjectSection(SolutionItems) = preProject
		.editorconfig = .editorconfig
		BannedSymbols.txt = BannedSymbols.txt
		Directory.Build.props = Directory.Build.props
		Directory.Packages.props = Directory.Packages.props
	EndProjectSection
EndProject
Project("{FAE04EC0-301F-11D3-BF4B-00C04F79EFBC}") = "Example.LibCosmos", "Example.LibCosmos\Example.LibCosmos.csproj", "{68CF26BD-5130-4BE4-A9CF-7FADFE0BF570}"
EndProject
Project("{FAE04EC0-301F-11D3-BF4B-00C04F79EFBC}") = "Example.Scryfall.CosmosIngestion", "Example.Scryfall.CosmosIngestion\Example.Scryfall.CosmosIngestion.csproj", "{92C25623-83FC-49F4-884A-3D3C62E4568D}"
EndProject
Project("{FAE04EC0-301F-11D3-BF4B-00C04F79EFBC}") = "Lib.Scryfall.Shared", "Lib.Scryfall.Shared\Lib.Scryfall.Shared.csproj", "{7615005A-E235-4B4C-AC13-FA45BD5C5E9D}"
EndProject
Project("{FAE04EC0-301F-11D3-BF4B-00C04F79EFBC}") = "Lib.Adapter.Scryfall.Cosmos", "Lib.Adapter.Scryfall.Cosmos\Lib.Adapter.Scryfall.Cosmos.csproj", "{07B9977E-C99B-4CCB-B307-0C1692ABA304}"
EndProject
Project("{FAE04EC0-301F-11D3-BF4B-00C04F79EFBC}") = "Lib.Adapter.Scryfall.Cosmos.Tests", "Lib.Adapter.Scryfall.Cosmos.Tests\Lib.Adapter.Scryfall.Cosmos.Tests.csproj", "{BD7F511D-B774-42EA-8381-E29BB7615566}"
EndProject
Project("{FAE04EC0-301F-11D3-BF4B-00C04F79EFBC}") = "Lib.Scryfall.Shared.Tests", "Lib.Scryfall.Shared.Tests\Lib.Scryfall.Shared.Tests.csproj", "{F84A9A3D-F2EF-4AA4-82EB-4390497243E0}"
EndProject
Project("{FAE04EC0-301F-11D3-BF4B-00C04F79EFBC}") = "App.MtgDiscovery.GraphQL", "App.MtgDiscovery.GraphQL\App.MtgDiscovery.GraphQL.csproj", "{7C118DAE-2497-4309-8074-2DA69D2612BC}"
EndProject
Project("{FAE04EC0-301F-11D3-BF4B-00C04F79EFBC}") = "Lib.Shared.Invocation", "Lib.Shared.Invocation\Lib.Shared.Invocation.csproj", "{CBBB4752-DEC1-E30B-28B5-233306229D3C}"
EndProject
Project("{FAE04EC0-301F-11D3-BF4B-00C04F79EFBC}") = "Lib.Shared.Abstractions", "Lib.Shared.Abstractions\Lib.Shared.Abstractions.csproj", "{005B1DAA-1B6B-437C-92B0-7719D7F04637}"
EndProject
Project("{FAE04EC0-301F-11D3-BF4B-00C04F79EFBC}") = "Lib.Shared.DataModels", "Lib.Shared.DataModels\Lib.Shared.DataModels.csproj", "{8C0DF2B1-EC71-4D90-9CB8-7A08C428A96F}"
EndProject
Project("{FAE04EC0-301F-11D3-BF4B-00C04F79EFBC}") = "Lib.MtgDiscovery.Entry", "Lib.MtgDiscovery.Entry\Lib.MtgDiscovery.Entry.csproj", "{39BAF23D-A6C3-46DC-BCF7-7F47B20593C6}"
EndProject
Project("{FAE04EC0-301F-11D3-BF4B-00C04F79EFBC}") = "Lib.Domain.Cards", "Lib.Domain.Cards\Lib.Domain.Cards.csproj", "{469873A5-EFC8-4E5F-A62F-287D1ED54EA5}"
EndProject
Project("{FAE04EC0-301F-11D3-BF4B-00C04F79EFBC}") = "Lib.Aggregator.Cards", "Lib.Aggregator.Cards\Lib.Aggregator.Cards.csproj", "{3E9947C3-BF89-4097-948F-C8F18F0E4D85}"
EndProject
Project("{FAE04EC0-301F-11D3-BF4B-00C04F79EFBC}") = "Lib.Aggregator.Cards.Tests", "Lib.Aggregator.Cards.Tests\Lib.Aggregator.Cards.Tests.csproj", "{DBEDD1CA-EA3C-4688-BB78-4C40068A6A9A}"
EndProject
Project("{FAE04EC0-301F-11D3-BF4B-00C04F79EFBC}") = "Lib.Shared.Invocation.Tests", "Lib.Shared.Invocation.Tests\Lib.Shared.Invocation.Tests.csproj", "{E7BC150C-0AD3-46AB-88C5-775E539F88E4}"
EndProject
Project("{FAE04EC0-301F-11D3-BF4B-00C04F79EFBC}") = "Lib.Aggregator.Sets", "Lib.Aggregator.Sets\Lib.Aggregator.Sets.csproj", "{469ED8C9-6012-4895-9432-035E7561D056}"
EndProject
Project("{FAE04EC0-301F-11D3-BF4B-00C04F79EFBC}") = "Lib.Domain.Sets", "Lib.Domain.Sets\Lib.Domain.Sets.csproj", "{5020963C-2806-4D46-9430-B59240110604}"
EndProject
Project("{FAE04EC0-301F-11D3-BF4B-00C04F79EFBC}") = "Example.Scryfall.BulkIngestion", "Example.Scryfall.BulkIngestion\Example.Scryfall.BulkIngestion.csproj", "{F82FABF3-7721-4A43-8AFD-22389865DA32}"
EndProject
Project("{FAE04EC0-301F-11D3-BF4B-00C04F79EFBC}") = "Lib.Domain.Artists", "Lib.Domain.Artists\Lib.Domain.Artists.csproj", "{9749E490-723C-4A61-9E43-641F60534579}"
EndProject
Project("{FAE04EC0-301F-11D3-BF4B-00C04F79EFBC}") = "Lib.Aggregator.Artists", "Lib.Aggregator.Artists\Lib.Aggregator.Artists.csproj", "{CD0DDD0A-A4C5-421B-963D-C2211656ACCF}"
EndProject
Project("{FAE04EC0-301F-11D3-BF4B-00C04F79EFBC}") = "Lib.Aggregator.Scryfall.Shared", "Lib.Aggregator.Scryfall.Shared\Lib.Aggregator.Scryfall.Shared.csproj", "{34613393-1505-4B6B-BA4A-238CC60F94D1}"
EndProject
Project("{FAE04EC0-301F-11D3-BF4B-00C04F79EFBC}") = "Lib.Domain.User", "Lib.Domain.User\Lib.Domain.User.csproj", "{C2F6245E-D1E1-4096-A863-976C2A0DF034}"
EndProject
Project("{FAE04EC0-301F-11D3-BF4B-00C04F79EFBC}") = "Lib.Aggregator.User", "Lib.Aggregator.User\Lib.Aggregator.User.csproj", "{1DF4B600-E361-4BFD-99E4-FB18E09AFBA3}"
EndProject
Project("{2150E333-8FDC-42A3-9474-1A3956D46DE8}") = ".Examples", ".Examples", "{E7A9F9B0-67CA-E625-5641-37137B097CD9}"
EndProject
Project("{2150E333-8FDC-42A3-9474-1A3956D46DE8}") = ".Libs", ".Libs", "{1986D775-7154-3123-F80F-144B22DD78F3}"
EndProject
Project("{2150E333-8FDC-42A3-9474-1A3956D46DE8}") = ".TestSupport", ".TestSupport", "{10978B47-FFD0-284F-D285-3EF30A0CB5BE}"
EndProject
Project("{FAE04EC0-301F-11D3-BF4B-00C04F79EFBC}") = "Lib.Adapter.Cards", "Lib.Adapter.Cards\Lib.Adapter.Cards.csproj", "{E4364D20-FE27-44B3-8D4C-384E4279F12A}"
EndProject
Project("{FAE04EC0-301F-11D3-BF4B-00C04F79EFBC}") = "Lib.Adapter.Sets", "Lib.Adapter.Sets\Lib.Adapter.Sets.csproj", "{3F90CFC9-DDB3-4A0B-A3AF-BA31D89BEB6A}"
EndProject
Project("{FAE04EC0-301F-11D3-BF4B-00C04F79EFBC}") = "Lib.Adapter.Artists", "Lib.Adapter.Artists\Lib.Adapter.Artists.csproj", "{1CCA8893-9F0B-4AD0-92D4-5557611751B6}"
EndProject
Project("{FAE04EC0-301F-11D3-BF4B-00C04F79EFBC}") = "Lib.Adapter.User", "Lib.Adapter.User\Lib.Adapter.User.csproj", "{E18FCD38-35F2-4623-9643-9A0360D57719}"
EndProject
Project("{FAE04EC0-301F-11D3-BF4B-00C04F79EFBC}") = "Lib.Adapter.UserCards.Tests", "Lib.Adapter.UserCards.Tests\Lib.Adapter.UserCards.Tests.csproj", "{09ABF839-53F1-498A-B69A-B1D37429BB24}"
EndProject
Project("{FAE04EC0-301F-11D3-BF4B-00C04F79EFBC}") = "Lib.Adapter.UserCards", "Lib.Adapter.UserCards\Lib.Adapter.UserCards.csproj", "{2895A5E5-95C5-8788-4825-4B46E561CF81}"
EndProject
Project("{FAE04EC0-301F-11D3-BF4B-00C04F79EFBC}") = "Lib.Domain.UserCards", "Lib.Domain.UserCards\Lib.Domain.UserCards.csproj", "{9C2D7889-CEDE-41D1-9B63-5113B0B4B7E9}"
EndProject
Project("{FAE04EC0-301F-11D3-BF4B-00C04F79EFBC}") = "Lib.Aggregator.UserCards", "Lib.Aggregator.UserCards\Lib.Aggregator.UserCards.csproj", "{E82B8FCF-C286-62AA-8698-72F2D8A4CE62}"
EndProject
Project("{2150E333-8FDC-42A3-9474-1A3956D46DE8}") = "App.Layer", "App.Layer", "{8E50D4FC-A025-4CB2-B88E-51BE34E656FF}"
EndProject
Project("{FAE04EC0-301F-11D3-BF4B-00C04F79EFBC}") = "Lib.Adapter.UserSetCards", "Lib.Adapter.UserSetCards\Lib.Adapter.UserSetCards.csproj", "{C6FFE128-8AE4-4773-9FEA-FB4E335D2E56}"
EndProject
Project("{FAE04EC0-301F-11D3-BF4B-00C04F79EFBC}") = "Lib.Aggregator.UserSetCards", "Lib.Aggregator.UserSetCards\Lib.Aggregator.UserSetCards.csproj", "{B043CD3A-F963-4919-93C7-9F37CE279D25}"
EndProject
Project("{FAE04EC0-301F-11D3-BF4B-00C04F79EFBC}") = "Lib.Domain.UserSetCards", "Lib.Domain.UserSetCards\Lib.Domain.UserSetCards.csproj", "{F728564A-91F7-433F-BB37-E9BF875CF689}"
EndProject
Global
	GlobalSection(SolutionConfigurationPlatforms) = preSolution
		Debug|Any CPU = Debug|Any CPU
		Debug|x64 = Debug|x64
		Debug|x86 = Debug|x86
		Release|Any CPU = Release|Any CPU
		Release|x64 = Release|x64
		Release|x86 = Release|x86
	EndGlobalSection
	GlobalSection(ProjectConfigurationPlatforms) = postSolution
		{FBA4AB39-5629-FEAB-5F49-9C44FF57B532}.Debug|Any CPU.ActiveCfg = Debug|Any CPU
		{FBA4AB39-5629-FEAB-5F49-9C44FF57B532}.Debug|Any CPU.Build.0 = Debug|Any CPU
		{FBA4AB39-5629-FEAB-5F49-9C44FF57B532}.Debug|x64.ActiveCfg = Debug|Any CPU
		{FBA4AB39-5629-FEAB-5F49-9C44FF57B532}.Debug|x64.Build.0 = Debug|Any CPU
		{FBA4AB39-5629-FEAB-5F49-9C44FF57B532}.Debug|x86.ActiveCfg = Debug|Any CPU
		{FBA4AB39-5629-FEAB-5F49-9C44FF57B532}.Debug|x86.Build.0 = Debug|Any CPU
		{FBA4AB39-5629-FEAB-5F49-9C44FF57B532}.Release|Any CPU.ActiveCfg = Release|Any CPU
		{FBA4AB39-5629-FEAB-5F49-9C44FF57B532}.Release|Any CPU.Build.0 = Release|Any CPU
		{FBA4AB39-5629-FEAB-5F49-9C44FF57B532}.Release|x64.ActiveCfg = Release|Any CPU
		{FBA4AB39-5629-FEAB-5F49-9C44FF57B532}.Release|x64.Build.0 = Release|Any CPU
		{FBA4AB39-5629-FEAB-5F49-9C44FF57B532}.Release|x86.ActiveCfg = Release|Any CPU
		{FBA4AB39-5629-FEAB-5F49-9C44FF57B532}.Release|x86.Build.0 = Release|Any CPU
		{E00FB2C5-434D-D5BA-165F-F0D2FB9B7F59}.Debug|Any CPU.ActiveCfg = Debug|Any CPU
		{E00FB2C5-434D-D5BA-165F-F0D2FB9B7F59}.Debug|Any CPU.Build.0 = Debug|Any CPU
		{E00FB2C5-434D-D5BA-165F-F0D2FB9B7F59}.Debug|x64.ActiveCfg = Debug|Any CPU
		{E00FB2C5-434D-D5BA-165F-F0D2FB9B7F59}.Debug|x64.Build.0 = Debug|Any CPU
		{E00FB2C5-434D-D5BA-165F-F0D2FB9B7F59}.Debug|x86.ActiveCfg = Debug|Any CPU
		{E00FB2C5-434D-D5BA-165F-F0D2FB9B7F59}.Debug|x86.Build.0 = Debug|Any CPU
		{E00FB2C5-434D-D5BA-165F-F0D2FB9B7F59}.Release|Any CPU.ActiveCfg = Release|Any CPU
		{E00FB2C5-434D-D5BA-165F-F0D2FB9B7F59}.Release|Any CPU.Build.0 = Release|Any CPU
		{E00FB2C5-434D-D5BA-165F-F0D2FB9B7F59}.Release|x64.ActiveCfg = Release|Any CPU
		{E00FB2C5-434D-D5BA-165F-F0D2FB9B7F59}.Release|x64.Build.0 = Release|Any CPU
		{E00FB2C5-434D-D5BA-165F-F0D2FB9B7F59}.Release|x86.ActiveCfg = Release|Any CPU
		{E00FB2C5-434D-D5BA-165F-F0D2FB9B7F59}.Release|x86.Build.0 = Release|Any CPU
		{AEF1EDBA-41AB-003F-E84A-DD65FE59C236}.Debug|Any CPU.ActiveCfg = Debug|Any CPU
		{AEF1EDBA-41AB-003F-E84A-DD65FE59C236}.Debug|Any CPU.Build.0 = Debug|Any CPU
		{AEF1EDBA-41AB-003F-E84A-DD65FE59C236}.Debug|x64.ActiveCfg = Debug|Any CPU
		{AEF1EDBA-41AB-003F-E84A-DD65FE59C236}.Debug|x64.Build.0 = Debug|Any CPU
		{AEF1EDBA-41AB-003F-E84A-DD65FE59C236}.Debug|x86.ActiveCfg = Debug|Any CPU
		{AEF1EDBA-41AB-003F-E84A-DD65FE59C236}.Debug|x86.Build.0 = Debug|Any CPU
		{AEF1EDBA-41AB-003F-E84A-DD65FE59C236}.Release|Any CPU.ActiveCfg = Release|Any CPU
		{AEF1EDBA-41AB-003F-E84A-DD65FE59C236}.Release|Any CPU.Build.0 = Release|Any CPU
		{AEF1EDBA-41AB-003F-E84A-DD65FE59C236}.Release|x64.ActiveCfg = Release|Any CPU
		{AEF1EDBA-41AB-003F-E84A-DD65FE59C236}.Release|x64.Build.0 = Release|Any CPU
		{AEF1EDBA-41AB-003F-E84A-DD65FE59C236}.Release|x86.ActiveCfg = Release|Any CPU
		{AEF1EDBA-41AB-003F-E84A-DD65FE59C236}.Release|x86.Build.0 = Release|Any CPU
		{90596DAC-015F-DFF0-2F0B-5751F6A13485}.Debug|Any CPU.ActiveCfg = Debug|Any CPU
		{90596DAC-015F-DFF0-2F0B-5751F6A13485}.Debug|Any CPU.Build.0 = Debug|Any CPU
		{90596DAC-015F-DFF0-2F0B-5751F6A13485}.Debug|x64.ActiveCfg = Debug|Any CPU
		{90596DAC-015F-DFF0-2F0B-5751F6A13485}.Debug|x64.Build.0 = Debug|Any CPU
		{90596DAC-015F-DFF0-2F0B-5751F6A13485}.Debug|x86.ActiveCfg = Debug|Any CPU
		{90596DAC-015F-DFF0-2F0B-5751F6A13485}.Debug|x86.Build.0 = Debug|Any CPU
		{90596DAC-015F-DFF0-2F0B-5751F6A13485}.Release|Any CPU.ActiveCfg = Release|Any CPU
		{90596DAC-015F-DFF0-2F0B-5751F6A13485}.Release|Any CPU.Build.0 = Release|Any CPU
		{90596DAC-015F-DFF0-2F0B-5751F6A13485}.Release|x64.ActiveCfg = Release|Any CPU
		{90596DAC-015F-DFF0-2F0B-5751F6A13485}.Release|x64.Build.0 = Release|Any CPU
		{90596DAC-015F-DFF0-2F0B-5751F6A13485}.Release|x86.ActiveCfg = Release|Any CPU
		{90596DAC-015F-DFF0-2F0B-5751F6A13485}.Release|x86.Build.0 = Release|Any CPU
		{14CD34F5-B452-759E-A758-C58CC4DE7804}.Debug|Any CPU.ActiveCfg = Debug|Any CPU
		{14CD34F5-B452-759E-A758-C58CC4DE7804}.Debug|Any CPU.Build.0 = Debug|Any CPU
		{14CD34F5-B452-759E-A758-C58CC4DE7804}.Debug|x64.ActiveCfg = Debug|Any CPU
		{14CD34F5-B452-759E-A758-C58CC4DE7804}.Debug|x64.Build.0 = Debug|Any CPU
		{14CD34F5-B452-759E-A758-C58CC4DE7804}.Debug|x86.ActiveCfg = Debug|Any CPU
		{14CD34F5-B452-759E-A758-C58CC4DE7804}.Debug|x86.Build.0 = Debug|Any CPU
		{14CD34F5-B452-759E-A758-C58CC4DE7804}.Release|Any CPU.ActiveCfg = Release|Any CPU
		{14CD34F5-B452-759E-A758-C58CC4DE7804}.Release|Any CPU.Build.0 = Release|Any CPU
		{14CD34F5-B452-759E-A758-C58CC4DE7804}.Release|x64.ActiveCfg = Release|Any CPU
		{14CD34F5-B452-759E-A758-C58CC4DE7804}.Release|x64.Build.0 = Release|Any CPU
		{14CD34F5-B452-759E-A758-C58CC4DE7804}.Release|x86.ActiveCfg = Release|Any CPU
		{14CD34F5-B452-759E-A758-C58CC4DE7804}.Release|x86.Build.0 = Release|Any CPU
		{244F570E-F0A7-A1C9-7667-889EBBFDDAAA}.Debug|Any CPU.ActiveCfg = Debug|Any CPU
		{244F570E-F0A7-A1C9-7667-889EBBFDDAAA}.Debug|Any CPU.Build.0 = Debug|Any CPU
		{244F570E-F0A7-A1C9-7667-889EBBFDDAAA}.Debug|x64.ActiveCfg = Debug|Any CPU
		{244F570E-F0A7-A1C9-7667-889EBBFDDAAA}.Debug|x64.Build.0 = Debug|Any CPU
		{244F570E-F0A7-A1C9-7667-889EBBFDDAAA}.Debug|x86.ActiveCfg = Debug|Any CPU
		{244F570E-F0A7-A1C9-7667-889EBBFDDAAA}.Debug|x86.Build.0 = Debug|Any CPU
		{244F570E-F0A7-A1C9-7667-889EBBFDDAAA}.Release|Any CPU.ActiveCfg = Release|Any CPU
		{244F570E-F0A7-A1C9-7667-889EBBFDDAAA}.Release|Any CPU.Build.0 = Release|Any CPU
		{244F570E-F0A7-A1C9-7667-889EBBFDDAAA}.Release|x64.ActiveCfg = Release|Any CPU
		{244F570E-F0A7-A1C9-7667-889EBBFDDAAA}.Release|x64.Build.0 = Release|Any CPU
		{244F570E-F0A7-A1C9-7667-889EBBFDDAAA}.Release|x86.ActiveCfg = Release|Any CPU
		{244F570E-F0A7-A1C9-7667-889EBBFDDAAA}.Release|x86.Build.0 = Release|Any CPU
		{8A9B5D4C-3E7F-4B8A-9C2D-1F6A8E9B7C3D}.Debug|Any CPU.ActiveCfg = Debug|Any CPU
		{8A9B5D4C-3E7F-4B8A-9C2D-1F6A8E9B7C3D}.Debug|Any CPU.Build.0 = Debug|Any CPU
		{8A9B5D4C-3E7F-4B8A-9C2D-1F6A8E9B7C3D}.Debug|x64.ActiveCfg = Debug|Any CPU
		{8A9B5D4C-3E7F-4B8A-9C2D-1F6A8E9B7C3D}.Debug|x64.Build.0 = Debug|Any CPU
		{8A9B5D4C-3E7F-4B8A-9C2D-1F6A8E9B7C3D}.Debug|x86.ActiveCfg = Debug|Any CPU
		{8A9B5D4C-3E7F-4B8A-9C2D-1F6A8E9B7C3D}.Debug|x86.Build.0 = Debug|Any CPU
		{8A9B5D4C-3E7F-4B8A-9C2D-1F6A8E9B7C3D}.Release|Any CPU.ActiveCfg = Release|Any CPU
		{8A9B5D4C-3E7F-4B8A-9C2D-1F6A8E9B7C3D}.Release|Any CPU.Build.0 = Release|Any CPU
		{8A9B5D4C-3E7F-4B8A-9C2D-1F6A8E9B7C3D}.Release|x64.ActiveCfg = Release|Any CPU
		{8A9B5D4C-3E7F-4B8A-9C2D-1F6A8E9B7C3D}.Release|x64.Build.0 = Release|Any CPU
		{8A9B5D4C-3E7F-4B8A-9C2D-1F6A8E9B7C3D}.Release|x86.ActiveCfg = Release|Any CPU
		{8A9B5D4C-3E7F-4B8A-9C2D-1F6A8E9B7C3D}.Release|x86.Build.0 = Release|Any CPU
		{21982649-E418-B194-9793-307C7895A8D8}.Debug|Any CPU.ActiveCfg = Debug|Any CPU
		{21982649-E418-B194-9793-307C7895A8D8}.Debug|Any CPU.Build.0 = Debug|Any CPU
		{21982649-E418-B194-9793-307C7895A8D8}.Debug|x64.ActiveCfg = Debug|Any CPU
		{21982649-E418-B194-9793-307C7895A8D8}.Debug|x64.Build.0 = Debug|Any CPU
		{21982649-E418-B194-9793-307C7895A8D8}.Debug|x86.ActiveCfg = Debug|Any CPU
		{21982649-E418-B194-9793-307C7895A8D8}.Debug|x86.Build.0 = Debug|Any CPU
		{21982649-E418-B194-9793-307C7895A8D8}.Release|Any CPU.ActiveCfg = Release|Any CPU
		{21982649-E418-B194-9793-307C7895A8D8}.Release|Any CPU.Build.0 = Release|Any CPU
		{21982649-E418-B194-9793-307C7895A8D8}.Release|x64.ActiveCfg = Release|Any CPU
		{21982649-E418-B194-9793-307C7895A8D8}.Release|x64.Build.0 = Release|Any CPU
		{21982649-E418-B194-9793-307C7895A8D8}.Release|x86.ActiveCfg = Release|Any CPU
		{21982649-E418-B194-9793-307C7895A8D8}.Release|x86.Build.0 = Release|Any CPU
		{8F41964F-BEFB-4980-9A80-71746A11E9F5}.Debug|Any CPU.ActiveCfg = Debug|Any CPU
		{8F41964F-BEFB-4980-9A80-71746A11E9F5}.Debug|Any CPU.Build.0 = Debug|Any CPU
		{8F41964F-BEFB-4980-9A80-71746A11E9F5}.Debug|x64.ActiveCfg = Debug|Any CPU
		{8F41964F-BEFB-4980-9A80-71746A11E9F5}.Debug|x64.Build.0 = Debug|Any CPU
		{8F41964F-BEFB-4980-9A80-71746A11E9F5}.Debug|x86.ActiveCfg = Debug|Any CPU
		{8F41964F-BEFB-4980-9A80-71746A11E9F5}.Debug|x86.Build.0 = Debug|Any CPU
		{8F41964F-BEFB-4980-9A80-71746A11E9F5}.Release|Any CPU.ActiveCfg = Release|Any CPU
		{8F41964F-BEFB-4980-9A80-71746A11E9F5}.Release|Any CPU.Build.0 = Release|Any CPU
		{8F41964F-BEFB-4980-9A80-71746A11E9F5}.Release|x64.ActiveCfg = Release|Any CPU
		{8F41964F-BEFB-4980-9A80-71746A11E9F5}.Release|x64.Build.0 = Release|Any CPU
		{8F41964F-BEFB-4980-9A80-71746A11E9F5}.Release|x86.ActiveCfg = Release|Any CPU
		{8F41964F-BEFB-4980-9A80-71746A11E9F5}.Release|x86.Build.0 = Release|Any CPU
		{68CF26BD-5130-4BE4-A9CF-7FADFE0BF570}.Debug|Any CPU.ActiveCfg = Debug|Any CPU
		{68CF26BD-5130-4BE4-A9CF-7FADFE0BF570}.Debug|Any CPU.Build.0 = Debug|Any CPU
		{68CF26BD-5130-4BE4-A9CF-7FADFE0BF570}.Debug|x64.ActiveCfg = Debug|Any CPU
		{68CF26BD-5130-4BE4-A9CF-7FADFE0BF570}.Debug|x64.Build.0 = Debug|Any CPU
		{68CF26BD-5130-4BE4-A9CF-7FADFE0BF570}.Debug|x86.ActiveCfg = Debug|Any CPU
		{68CF26BD-5130-4BE4-A9CF-7FADFE0BF570}.Debug|x86.Build.0 = Debug|Any CPU
		{68CF26BD-5130-4BE4-A9CF-7FADFE0BF570}.Release|Any CPU.ActiveCfg = Release|Any CPU
		{68CF26BD-5130-4BE4-A9CF-7FADFE0BF570}.Release|Any CPU.Build.0 = Release|Any CPU
		{68CF26BD-5130-4BE4-A9CF-7FADFE0BF570}.Release|x64.ActiveCfg = Release|Any CPU
		{68CF26BD-5130-4BE4-A9CF-7FADFE0BF570}.Release|x64.Build.0 = Release|Any CPU
		{68CF26BD-5130-4BE4-A9CF-7FADFE0BF570}.Release|x86.ActiveCfg = Release|Any CPU
		{68CF26BD-5130-4BE4-A9CF-7FADFE0BF570}.Release|x86.Build.0 = Release|Any CPU
		{92C25623-83FC-49F4-884A-3D3C62E4568D}.Debug|Any CPU.ActiveCfg = Debug|Any CPU
		{92C25623-83FC-49F4-884A-3D3C62E4568D}.Debug|Any CPU.Build.0 = Debug|Any CPU
		{92C25623-83FC-49F4-884A-3D3C62E4568D}.Debug|x64.ActiveCfg = Debug|Any CPU
		{92C25623-83FC-49F4-884A-3D3C62E4568D}.Debug|x64.Build.0 = Debug|Any CPU
		{92C25623-83FC-49F4-884A-3D3C62E4568D}.Debug|x86.ActiveCfg = Debug|Any CPU
		{92C25623-83FC-49F4-884A-3D3C62E4568D}.Debug|x86.Build.0 = Debug|Any CPU
		{92C25623-83FC-49F4-884A-3D3C62E4568D}.Release|Any CPU.ActiveCfg = Release|Any CPU
		{92C25623-83FC-49F4-884A-3D3C62E4568D}.Release|Any CPU.Build.0 = Release|Any CPU
		{92C25623-83FC-49F4-884A-3D3C62E4568D}.Release|x64.ActiveCfg = Release|Any CPU
		{92C25623-83FC-49F4-884A-3D3C62E4568D}.Release|x64.Build.0 = Release|Any CPU
		{92C25623-83FC-49F4-884A-3D3C62E4568D}.Release|x86.ActiveCfg = Release|Any CPU
		{92C25623-83FC-49F4-884A-3D3C62E4568D}.Release|x86.Build.0 = Release|Any CPU
		{7615005A-E235-4B4C-AC13-FA45BD5C5E9D}.Debug|Any CPU.ActiveCfg = Debug|Any CPU
		{7615005A-E235-4B4C-AC13-FA45BD5C5E9D}.Debug|Any CPU.Build.0 = Debug|Any CPU
		{7615005A-E235-4B4C-AC13-FA45BD5C5E9D}.Debug|x64.ActiveCfg = Debug|Any CPU
		{7615005A-E235-4B4C-AC13-FA45BD5C5E9D}.Debug|x64.Build.0 = Debug|Any CPU
		{7615005A-E235-4B4C-AC13-FA45BD5C5E9D}.Debug|x86.ActiveCfg = Debug|Any CPU
		{7615005A-E235-4B4C-AC13-FA45BD5C5E9D}.Debug|x86.Build.0 = Debug|Any CPU
		{7615005A-E235-4B4C-AC13-FA45BD5C5E9D}.Release|Any CPU.ActiveCfg = Release|Any CPU
		{7615005A-E235-4B4C-AC13-FA45BD5C5E9D}.Release|Any CPU.Build.0 = Release|Any CPU
		{7615005A-E235-4B4C-AC13-FA45BD5C5E9D}.Release|x64.ActiveCfg = Release|Any CPU
		{7615005A-E235-4B4C-AC13-FA45BD5C5E9D}.Release|x64.Build.0 = Release|Any CPU
		{7615005A-E235-4B4C-AC13-FA45BD5C5E9D}.Release|x86.ActiveCfg = Release|Any CPU
		{7615005A-E235-4B4C-AC13-FA45BD5C5E9D}.Release|x86.Build.0 = Release|Any CPU
		{07B9977E-C99B-4CCB-B307-0C1692ABA304}.Debug|Any CPU.ActiveCfg = Debug|Any CPU
		{07B9977E-C99B-4CCB-B307-0C1692ABA304}.Debug|Any CPU.Build.0 = Debug|Any CPU
		{07B9977E-C99B-4CCB-B307-0C1692ABA304}.Debug|x64.ActiveCfg = Debug|Any CPU
		{07B9977E-C99B-4CCB-B307-0C1692ABA304}.Debug|x64.Build.0 = Debug|Any CPU
		{07B9977E-C99B-4CCB-B307-0C1692ABA304}.Debug|x86.ActiveCfg = Debug|Any CPU
		{07B9977E-C99B-4CCB-B307-0C1692ABA304}.Debug|x86.Build.0 = Debug|Any CPU
		{07B9977E-C99B-4CCB-B307-0C1692ABA304}.Release|Any CPU.ActiveCfg = Release|Any CPU
		{07B9977E-C99B-4CCB-B307-0C1692ABA304}.Release|Any CPU.Build.0 = Release|Any CPU
		{07B9977E-C99B-4CCB-B307-0C1692ABA304}.Release|x64.ActiveCfg = Release|Any CPU
		{07B9977E-C99B-4CCB-B307-0C1692ABA304}.Release|x64.Build.0 = Release|Any CPU
		{07B9977E-C99B-4CCB-B307-0C1692ABA304}.Release|x86.ActiveCfg = Release|Any CPU
		{07B9977E-C99B-4CCB-B307-0C1692ABA304}.Release|x86.Build.0 = Release|Any CPU
		{BD7F511D-B774-42EA-8381-E29BB7615566}.Debug|Any CPU.ActiveCfg = Debug|Any CPU
		{BD7F511D-B774-42EA-8381-E29BB7615566}.Debug|Any CPU.Build.0 = Debug|Any CPU
		{BD7F511D-B774-42EA-8381-E29BB7615566}.Debug|x64.ActiveCfg = Debug|Any CPU
		{BD7F511D-B774-42EA-8381-E29BB7615566}.Debug|x64.Build.0 = Debug|Any CPU
		{BD7F511D-B774-42EA-8381-E29BB7615566}.Debug|x86.ActiveCfg = Debug|Any CPU
		{BD7F511D-B774-42EA-8381-E29BB7615566}.Debug|x86.Build.0 = Debug|Any CPU
		{BD7F511D-B774-42EA-8381-E29BB7615566}.Release|Any CPU.ActiveCfg = Release|Any CPU
		{BD7F511D-B774-42EA-8381-E29BB7615566}.Release|Any CPU.Build.0 = Release|Any CPU
		{BD7F511D-B774-42EA-8381-E29BB7615566}.Release|x64.ActiveCfg = Release|Any CPU
		{BD7F511D-B774-42EA-8381-E29BB7615566}.Release|x64.Build.0 = Release|Any CPU
		{BD7F511D-B774-42EA-8381-E29BB7615566}.Release|x86.ActiveCfg = Release|Any CPU
		{BD7F511D-B774-42EA-8381-E29BB7615566}.Release|x86.Build.0 = Release|Any CPU
		{F84A9A3D-F2EF-4AA4-82EB-4390497243E0}.Debug|Any CPU.ActiveCfg = Debug|Any CPU
		{F84A9A3D-F2EF-4AA4-82EB-4390497243E0}.Debug|Any CPU.Build.0 = Debug|Any CPU
		{F84A9A3D-F2EF-4AA4-82EB-4390497243E0}.Debug|x64.ActiveCfg = Debug|Any CPU
		{F84A9A3D-F2EF-4AA4-82EB-4390497243E0}.Debug|x64.Build.0 = Debug|Any CPU
		{F84A9A3D-F2EF-4AA4-82EB-4390497243E0}.Debug|x86.ActiveCfg = Debug|Any CPU
		{F84A9A3D-F2EF-4AA4-82EB-4390497243E0}.Debug|x86.Build.0 = Debug|Any CPU
		{F84A9A3D-F2EF-4AA4-82EB-4390497243E0}.Release|Any CPU.ActiveCfg = Release|Any CPU
		{F84A9A3D-F2EF-4AA4-82EB-4390497243E0}.Release|Any CPU.Build.0 = Release|Any CPU
		{F84A9A3D-F2EF-4AA4-82EB-4390497243E0}.Release|x64.ActiveCfg = Release|Any CPU
		{F84A9A3D-F2EF-4AA4-82EB-4390497243E0}.Release|x64.Build.0 = Release|Any CPU
		{F84A9A3D-F2EF-4AA4-82EB-4390497243E0}.Release|x86.ActiveCfg = Release|Any CPU
		{F84A9A3D-F2EF-4AA4-82EB-4390497243E0}.Release|x86.Build.0 = Release|Any CPU
		{7C118DAE-2497-4309-8074-2DA69D2612BC}.Debug|Any CPU.ActiveCfg = Debug|Any CPU
		{7C118DAE-2497-4309-8074-2DA69D2612BC}.Debug|Any CPU.Build.0 = Debug|Any CPU
		{7C118DAE-2497-4309-8074-2DA69D2612BC}.Debug|x64.ActiveCfg = Debug|Any CPU
		{7C118DAE-2497-4309-8074-2DA69D2612BC}.Debug|x64.Build.0 = Debug|Any CPU
		{7C118DAE-2497-4309-8074-2DA69D2612BC}.Debug|x86.ActiveCfg = Debug|Any CPU
		{7C118DAE-2497-4309-8074-2DA69D2612BC}.Debug|x86.Build.0 = Debug|Any CPU
		{7C118DAE-2497-4309-8074-2DA69D2612BC}.Release|Any CPU.ActiveCfg = Release|Any CPU
		{7C118DAE-2497-4309-8074-2DA69D2612BC}.Release|Any CPU.Build.0 = Release|Any CPU
		{7C118DAE-2497-4309-8074-2DA69D2612BC}.Release|x64.ActiveCfg = Release|Any CPU
		{7C118DAE-2497-4309-8074-2DA69D2612BC}.Release|x64.Build.0 = Release|Any CPU
		{7C118DAE-2497-4309-8074-2DA69D2612BC}.Release|x86.ActiveCfg = Release|Any CPU
		{7C118DAE-2497-4309-8074-2DA69D2612BC}.Release|x86.Build.0 = Release|Any CPU
		{CBBB4752-DEC1-E30B-28B5-233306229D3C}.Debug|Any CPU.ActiveCfg = Debug|Any CPU
		{CBBB4752-DEC1-E30B-28B5-233306229D3C}.Debug|Any CPU.Build.0 = Debug|Any CPU
		{CBBB4752-DEC1-E30B-28B5-233306229D3C}.Debug|x64.ActiveCfg = Debug|Any CPU
		{CBBB4752-DEC1-E30B-28B5-233306229D3C}.Debug|x64.Build.0 = Debug|Any CPU
		{CBBB4752-DEC1-E30B-28B5-233306229D3C}.Debug|x86.ActiveCfg = Debug|Any CPU
		{CBBB4752-DEC1-E30B-28B5-233306229D3C}.Debug|x86.Build.0 = Debug|Any CPU
		{CBBB4752-DEC1-E30B-28B5-233306229D3C}.Release|Any CPU.ActiveCfg = Release|Any CPU
		{CBBB4752-DEC1-E30B-28B5-233306229D3C}.Release|Any CPU.Build.0 = Release|Any CPU
		{CBBB4752-DEC1-E30B-28B5-233306229D3C}.Release|x64.ActiveCfg = Release|Any CPU
		{CBBB4752-DEC1-E30B-28B5-233306229D3C}.Release|x64.Build.0 = Release|Any CPU
		{CBBB4752-DEC1-E30B-28B5-233306229D3C}.Release|x86.ActiveCfg = Release|Any CPU
		{CBBB4752-DEC1-E30B-28B5-233306229D3C}.Release|x86.Build.0 = Release|Any CPU
		{005B1DAA-1B6B-437C-92B0-7719D7F04637}.Debug|Any CPU.ActiveCfg = Debug|Any CPU
		{005B1DAA-1B6B-437C-92B0-7719D7F04637}.Debug|Any CPU.Build.0 = Debug|Any CPU
		{005B1DAA-1B6B-437C-92B0-7719D7F04637}.Debug|x64.ActiveCfg = Debug|Any CPU
		{005B1DAA-1B6B-437C-92B0-7719D7F04637}.Debug|x64.Build.0 = Debug|Any CPU
		{005B1DAA-1B6B-437C-92B0-7719D7F04637}.Debug|x86.ActiveCfg = Debug|Any CPU
		{005B1DAA-1B6B-437C-92B0-7719D7F04637}.Debug|x86.Build.0 = Debug|Any CPU
		{005B1DAA-1B6B-437C-92B0-7719D7F04637}.Release|Any CPU.ActiveCfg = Release|Any CPU
		{005B1DAA-1B6B-437C-92B0-7719D7F04637}.Release|Any CPU.Build.0 = Release|Any CPU
		{005B1DAA-1B6B-437C-92B0-7719D7F04637}.Release|x64.ActiveCfg = Release|Any CPU
		{005B1DAA-1B6B-437C-92B0-7719D7F04637}.Release|x64.Build.0 = Release|Any CPU
		{005B1DAA-1B6B-437C-92B0-7719D7F04637}.Release|x86.ActiveCfg = Release|Any CPU
		{005B1DAA-1B6B-437C-92B0-7719D7F04637}.Release|x86.Build.0 = Release|Any CPU
		{8C0DF2B1-EC71-4D90-9CB8-7A08C428A96F}.Debug|Any CPU.ActiveCfg = Debug|Any CPU
		{8C0DF2B1-EC71-4D90-9CB8-7A08C428A96F}.Debug|Any CPU.Build.0 = Debug|Any CPU
		{8C0DF2B1-EC71-4D90-9CB8-7A08C428A96F}.Debug|x64.ActiveCfg = Debug|Any CPU
		{8C0DF2B1-EC71-4D90-9CB8-7A08C428A96F}.Debug|x64.Build.0 = Debug|Any CPU
		{8C0DF2B1-EC71-4D90-9CB8-7A08C428A96F}.Debug|x86.ActiveCfg = Debug|Any CPU
		{8C0DF2B1-EC71-4D90-9CB8-7A08C428A96F}.Debug|x86.Build.0 = Debug|Any CPU
		{8C0DF2B1-EC71-4D90-9CB8-7A08C428A96F}.Release|Any CPU.ActiveCfg = Release|Any CPU
		{8C0DF2B1-EC71-4D90-9CB8-7A08C428A96F}.Release|Any CPU.Build.0 = Release|Any CPU
		{8C0DF2B1-EC71-4D90-9CB8-7A08C428A96F}.Release|x64.ActiveCfg = Release|Any CPU
		{8C0DF2B1-EC71-4D90-9CB8-7A08C428A96F}.Release|x64.Build.0 = Release|Any CPU
		{8C0DF2B1-EC71-4D90-9CB8-7A08C428A96F}.Release|x86.ActiveCfg = Release|Any CPU
		{8C0DF2B1-EC71-4D90-9CB8-7A08C428A96F}.Release|x86.Build.0 = Release|Any CPU
		{39BAF23D-A6C3-46DC-BCF7-7F47B20593C6}.Debug|Any CPU.ActiveCfg = Debug|Any CPU
		{39BAF23D-A6C3-46DC-BCF7-7F47B20593C6}.Debug|Any CPU.Build.0 = Debug|Any CPU
		{39BAF23D-A6C3-46DC-BCF7-7F47B20593C6}.Debug|x64.ActiveCfg = Debug|Any CPU
		{39BAF23D-A6C3-46DC-BCF7-7F47B20593C6}.Debug|x64.Build.0 = Debug|Any CPU
		{39BAF23D-A6C3-46DC-BCF7-7F47B20593C6}.Debug|x86.ActiveCfg = Debug|Any CPU
		{39BAF23D-A6C3-46DC-BCF7-7F47B20593C6}.Debug|x86.Build.0 = Debug|Any CPU
		{39BAF23D-A6C3-46DC-BCF7-7F47B20593C6}.Release|Any CPU.ActiveCfg = Release|Any CPU
		{39BAF23D-A6C3-46DC-BCF7-7F47B20593C6}.Release|Any CPU.Build.0 = Release|Any CPU
		{39BAF23D-A6C3-46DC-BCF7-7F47B20593C6}.Release|x64.ActiveCfg = Release|Any CPU
		{39BAF23D-A6C3-46DC-BCF7-7F47B20593C6}.Release|x64.Build.0 = Release|Any CPU
		{39BAF23D-A6C3-46DC-BCF7-7F47B20593C6}.Release|x86.ActiveCfg = Release|Any CPU
		{39BAF23D-A6C3-46DC-BCF7-7F47B20593C6}.Release|x86.Build.0 = Release|Any CPU
		{469873A5-EFC8-4E5F-A62F-287D1ED54EA5}.Debug|Any CPU.ActiveCfg = Debug|Any CPU
		{469873A5-EFC8-4E5F-A62F-287D1ED54EA5}.Debug|Any CPU.Build.0 = Debug|Any CPU
		{469873A5-EFC8-4E5F-A62F-287D1ED54EA5}.Debug|x64.ActiveCfg = Debug|Any CPU
		{469873A5-EFC8-4E5F-A62F-287D1ED54EA5}.Debug|x64.Build.0 = Debug|Any CPU
		{469873A5-EFC8-4E5F-A62F-287D1ED54EA5}.Debug|x86.ActiveCfg = Debug|Any CPU
		{469873A5-EFC8-4E5F-A62F-287D1ED54EA5}.Debug|x86.Build.0 = Debug|Any CPU
		{469873A5-EFC8-4E5F-A62F-287D1ED54EA5}.Release|Any CPU.ActiveCfg = Release|Any CPU
		{469873A5-EFC8-4E5F-A62F-287D1ED54EA5}.Release|Any CPU.Build.0 = Release|Any CPU
		{469873A5-EFC8-4E5F-A62F-287D1ED54EA5}.Release|x64.ActiveCfg = Release|Any CPU
		{469873A5-EFC8-4E5F-A62F-287D1ED54EA5}.Release|x64.Build.0 = Release|Any CPU
		{469873A5-EFC8-4E5F-A62F-287D1ED54EA5}.Release|x86.ActiveCfg = Release|Any CPU
		{469873A5-EFC8-4E5F-A62F-287D1ED54EA5}.Release|x86.Build.0 = Release|Any CPU
		{3E9947C3-BF89-4097-948F-C8F18F0E4D85}.Debug|Any CPU.ActiveCfg = Debug|Any CPU
		{3E9947C3-BF89-4097-948F-C8F18F0E4D85}.Debug|Any CPU.Build.0 = Debug|Any CPU
		{3E9947C3-BF89-4097-948F-C8F18F0E4D85}.Debug|x64.ActiveCfg = Debug|Any CPU
		{3E9947C3-BF89-4097-948F-C8F18F0E4D85}.Debug|x64.Build.0 = Debug|Any CPU
		{3E9947C3-BF89-4097-948F-C8F18F0E4D85}.Debug|x86.ActiveCfg = Debug|Any CPU
		{3E9947C3-BF89-4097-948F-C8F18F0E4D85}.Debug|x86.Build.0 = Debug|Any CPU
		{3E9947C3-BF89-4097-948F-C8F18F0E4D85}.Release|Any CPU.ActiveCfg = Release|Any CPU
		{3E9947C3-BF89-4097-948F-C8F18F0E4D85}.Release|Any CPU.Build.0 = Release|Any CPU
		{3E9947C3-BF89-4097-948F-C8F18F0E4D85}.Release|x64.ActiveCfg = Release|Any CPU
		{3E9947C3-BF89-4097-948F-C8F18F0E4D85}.Release|x64.Build.0 = Release|Any CPU
		{3E9947C3-BF89-4097-948F-C8F18F0E4D85}.Release|x86.ActiveCfg = Release|Any CPU
		{3E9947C3-BF89-4097-948F-C8F18F0E4D85}.Release|x86.Build.0 = Release|Any CPU
		{DBEDD1CA-EA3C-4688-BB78-4C40068A6A9A}.Debug|Any CPU.ActiveCfg = Debug|Any CPU
		{DBEDD1CA-EA3C-4688-BB78-4C40068A6A9A}.Debug|Any CPU.Build.0 = Debug|Any CPU
		{DBEDD1CA-EA3C-4688-BB78-4C40068A6A9A}.Debug|x64.ActiveCfg = Debug|Any CPU
		{DBEDD1CA-EA3C-4688-BB78-4C40068A6A9A}.Debug|x64.Build.0 = Debug|Any CPU
		{DBEDD1CA-EA3C-4688-BB78-4C40068A6A9A}.Debug|x86.ActiveCfg = Debug|Any CPU
		{DBEDD1CA-EA3C-4688-BB78-4C40068A6A9A}.Debug|x86.Build.0 = Debug|Any CPU
		{DBEDD1CA-EA3C-4688-BB78-4C40068A6A9A}.Release|Any CPU.ActiveCfg = Release|Any CPU
		{DBEDD1CA-EA3C-4688-BB78-4C40068A6A9A}.Release|Any CPU.Build.0 = Release|Any CPU
		{DBEDD1CA-EA3C-4688-BB78-4C40068A6A9A}.Release|x64.ActiveCfg = Release|Any CPU
		{DBEDD1CA-EA3C-4688-BB78-4C40068A6A9A}.Release|x64.Build.0 = Release|Any CPU
		{DBEDD1CA-EA3C-4688-BB78-4C40068A6A9A}.Release|x86.ActiveCfg = Release|Any CPU
		{DBEDD1CA-EA3C-4688-BB78-4C40068A6A9A}.Release|x86.Build.0 = Release|Any CPU
		{E7BC150C-0AD3-46AB-88C5-775E539F88E4}.Debug|Any CPU.ActiveCfg = Debug|Any CPU
		{E7BC150C-0AD3-46AB-88C5-775E539F88E4}.Debug|Any CPU.Build.0 = Debug|Any CPU
		{E7BC150C-0AD3-46AB-88C5-775E539F88E4}.Debug|x64.ActiveCfg = Debug|Any CPU
		{E7BC150C-0AD3-46AB-88C5-775E539F88E4}.Debug|x64.Build.0 = Debug|Any CPU
		{E7BC150C-0AD3-46AB-88C5-775E539F88E4}.Debug|x86.ActiveCfg = Debug|Any CPU
		{E7BC150C-0AD3-46AB-88C5-775E539F88E4}.Debug|x86.Build.0 = Debug|Any CPU
		{E7BC150C-0AD3-46AB-88C5-775E539F88E4}.Release|Any CPU.ActiveCfg = Release|Any CPU
		{E7BC150C-0AD3-46AB-88C5-775E539F88E4}.Release|Any CPU.Build.0 = Release|Any CPU
		{E7BC150C-0AD3-46AB-88C5-775E539F88E4}.Release|x64.ActiveCfg = Release|Any CPU
		{E7BC150C-0AD3-46AB-88C5-775E539F88E4}.Release|x64.Build.0 = Release|Any CPU
		{E7BC150C-0AD3-46AB-88C5-775E539F88E4}.Release|x86.ActiveCfg = Release|Any CPU
		{E7BC150C-0AD3-46AB-88C5-775E539F88E4}.Release|x86.Build.0 = Release|Any CPU
		{469ED8C9-6012-4895-9432-035E7561D056}.Debug|Any CPU.ActiveCfg = Debug|Any CPU
		{469ED8C9-6012-4895-9432-035E7561D056}.Debug|Any CPU.Build.0 = Debug|Any CPU
		{469ED8C9-6012-4895-9432-035E7561D056}.Debug|x64.ActiveCfg = Debug|Any CPU
		{469ED8C9-6012-4895-9432-035E7561D056}.Debug|x64.Build.0 = Debug|Any CPU
		{469ED8C9-6012-4895-9432-035E7561D056}.Debug|x86.ActiveCfg = Debug|Any CPU
		{469ED8C9-6012-4895-9432-035E7561D056}.Debug|x86.Build.0 = Debug|Any CPU
		{469ED8C9-6012-4895-9432-035E7561D056}.Release|Any CPU.ActiveCfg = Release|Any CPU
		{469ED8C9-6012-4895-9432-035E7561D056}.Release|Any CPU.Build.0 = Release|Any CPU
		{469ED8C9-6012-4895-9432-035E7561D056}.Release|x64.ActiveCfg = Release|Any CPU
		{469ED8C9-6012-4895-9432-035E7561D056}.Release|x64.Build.0 = Release|Any CPU
		{469ED8C9-6012-4895-9432-035E7561D056}.Release|x86.ActiveCfg = Release|Any CPU
		{469ED8C9-6012-4895-9432-035E7561D056}.Release|x86.Build.0 = Release|Any CPU
		{5020963C-2806-4D46-9430-B59240110604}.Debug|Any CPU.ActiveCfg = Debug|Any CPU
		{5020963C-2806-4D46-9430-B59240110604}.Debug|Any CPU.Build.0 = Debug|Any CPU
		{5020963C-2806-4D46-9430-B59240110604}.Debug|x64.ActiveCfg = Debug|Any CPU
		{5020963C-2806-4D46-9430-B59240110604}.Debug|x64.Build.0 = Debug|Any CPU
		{5020963C-2806-4D46-9430-B59240110604}.Debug|x86.ActiveCfg = Debug|Any CPU
		{5020963C-2806-4D46-9430-B59240110604}.Debug|x86.Build.0 = Debug|Any CPU
		{5020963C-2806-4D46-9430-B59240110604}.Release|Any CPU.ActiveCfg = Release|Any CPU
		{5020963C-2806-4D46-9430-B59240110604}.Release|Any CPU.Build.0 = Release|Any CPU
		{5020963C-2806-4D46-9430-B59240110604}.Release|x64.ActiveCfg = Release|Any CPU
		{5020963C-2806-4D46-9430-B59240110604}.Release|x64.Build.0 = Release|Any CPU
		{5020963C-2806-4D46-9430-B59240110604}.Release|x86.ActiveCfg = Release|Any CPU
		{5020963C-2806-4D46-9430-B59240110604}.Release|x86.Build.0 = Release|Any CPU
		{F82FABF3-7721-4A43-8AFD-22389865DA32}.Debug|Any CPU.ActiveCfg = Debug|Any CPU
		{F82FABF3-7721-4A43-8AFD-22389865DA32}.Debug|Any CPU.Build.0 = Debug|Any CPU
		{F82FABF3-7721-4A43-8AFD-22389865DA32}.Debug|x64.ActiveCfg = Debug|Any CPU
		{F82FABF3-7721-4A43-8AFD-22389865DA32}.Debug|x64.Build.0 = Debug|Any CPU
		{F82FABF3-7721-4A43-8AFD-22389865DA32}.Debug|x86.ActiveCfg = Debug|Any CPU
		{F82FABF3-7721-4A43-8AFD-22389865DA32}.Debug|x86.Build.0 = Debug|Any CPU
		{F82FABF3-7721-4A43-8AFD-22389865DA32}.Release|Any CPU.ActiveCfg = Release|Any CPU
		{F82FABF3-7721-4A43-8AFD-22389865DA32}.Release|Any CPU.Build.0 = Release|Any CPU
		{F82FABF3-7721-4A43-8AFD-22389865DA32}.Release|x64.ActiveCfg = Release|Any CPU
		{F82FABF3-7721-4A43-8AFD-22389865DA32}.Release|x64.Build.0 = Release|Any CPU
		{F82FABF3-7721-4A43-8AFD-22389865DA32}.Release|x86.ActiveCfg = Release|Any CPU
		{F82FABF3-7721-4A43-8AFD-22389865DA32}.Release|x86.Build.0 = Release|Any CPU
		{9749E490-723C-4A61-9E43-641F60534579}.Debug|Any CPU.ActiveCfg = Debug|Any CPU
		{9749E490-723C-4A61-9E43-641F60534579}.Debug|Any CPU.Build.0 = Debug|Any CPU
		{9749E490-723C-4A61-9E43-641F60534579}.Debug|x64.ActiveCfg = Debug|Any CPU
		{9749E490-723C-4A61-9E43-641F60534579}.Debug|x64.Build.0 = Debug|Any CPU
		{9749E490-723C-4A61-9E43-641F60534579}.Debug|x86.ActiveCfg = Debug|Any CPU
		{9749E490-723C-4A61-9E43-641F60534579}.Debug|x86.Build.0 = Debug|Any CPU
		{9749E490-723C-4A61-9E43-641F60534579}.Release|Any CPU.ActiveCfg = Release|Any CPU
		{9749E490-723C-4A61-9E43-641F60534579}.Release|Any CPU.Build.0 = Release|Any CPU
		{9749E490-723C-4A61-9E43-641F60534579}.Release|x64.ActiveCfg = Release|Any CPU
		{9749E490-723C-4A61-9E43-641F60534579}.Release|x64.Build.0 = Release|Any CPU
		{9749E490-723C-4A61-9E43-641F60534579}.Release|x86.ActiveCfg = Release|Any CPU
		{9749E490-723C-4A61-9E43-641F60534579}.Release|x86.Build.0 = Release|Any CPU
		{CD0DDD0A-A4C5-421B-963D-C2211656ACCF}.Debug|Any CPU.ActiveCfg = Debug|Any CPU
		{CD0DDD0A-A4C5-421B-963D-C2211656ACCF}.Debug|Any CPU.Build.0 = Debug|Any CPU
		{CD0DDD0A-A4C5-421B-963D-C2211656ACCF}.Debug|x64.ActiveCfg = Debug|Any CPU
		{CD0DDD0A-A4C5-421B-963D-C2211656ACCF}.Debug|x64.Build.0 = Debug|Any CPU
		{CD0DDD0A-A4C5-421B-963D-C2211656ACCF}.Debug|x86.ActiveCfg = Debug|Any CPU
		{CD0DDD0A-A4C5-421B-963D-C2211656ACCF}.Debug|x86.Build.0 = Debug|Any CPU
		{CD0DDD0A-A4C5-421B-963D-C2211656ACCF}.Release|Any CPU.ActiveCfg = Release|Any CPU
		{CD0DDD0A-A4C5-421B-963D-C2211656ACCF}.Release|Any CPU.Build.0 = Release|Any CPU
		{CD0DDD0A-A4C5-421B-963D-C2211656ACCF}.Release|x64.ActiveCfg = Release|Any CPU
		{CD0DDD0A-A4C5-421B-963D-C2211656ACCF}.Release|x64.Build.0 = Release|Any CPU
		{CD0DDD0A-A4C5-421B-963D-C2211656ACCF}.Release|x86.ActiveCfg = Release|Any CPU
		{CD0DDD0A-A4C5-421B-963D-C2211656ACCF}.Release|x86.Build.0 = Release|Any CPU
		{34613393-1505-4B6B-BA4A-238CC60F94D1}.Debug|Any CPU.ActiveCfg = Debug|Any CPU
		{34613393-1505-4B6B-BA4A-238CC60F94D1}.Debug|Any CPU.Build.0 = Debug|Any CPU
		{34613393-1505-4B6B-BA4A-238CC60F94D1}.Debug|x64.ActiveCfg = Debug|Any CPU
		{34613393-1505-4B6B-BA4A-238CC60F94D1}.Debug|x64.Build.0 = Debug|Any CPU
		{34613393-1505-4B6B-BA4A-238CC60F94D1}.Debug|x86.ActiveCfg = Debug|Any CPU
		{34613393-1505-4B6B-BA4A-238CC60F94D1}.Debug|x86.Build.0 = Debug|Any CPU
		{34613393-1505-4B6B-BA4A-238CC60F94D1}.Release|Any CPU.ActiveCfg = Release|Any CPU
		{34613393-1505-4B6B-BA4A-238CC60F94D1}.Release|Any CPU.Build.0 = Release|Any CPU
		{34613393-1505-4B6B-BA4A-238CC60F94D1}.Release|x64.ActiveCfg = Release|Any CPU
		{34613393-1505-4B6B-BA4A-238CC60F94D1}.Release|x64.Build.0 = Release|Any CPU
		{34613393-1505-4B6B-BA4A-238CC60F94D1}.Release|x86.ActiveCfg = Release|Any CPU
		{34613393-1505-4B6B-BA4A-238CC60F94D1}.Release|x86.Build.0 = Release|Any CPU
		{C2F6245E-D1E1-4096-A863-976C2A0DF034}.Debug|Any CPU.ActiveCfg = Debug|Any CPU
		{C2F6245E-D1E1-4096-A863-976C2A0DF034}.Debug|Any CPU.Build.0 = Debug|Any CPU
		{C2F6245E-D1E1-4096-A863-976C2A0DF034}.Debug|x64.ActiveCfg = Debug|Any CPU
		{C2F6245E-D1E1-4096-A863-976C2A0DF034}.Debug|x64.Build.0 = Debug|Any CPU
		{C2F6245E-D1E1-4096-A863-976C2A0DF034}.Debug|x86.ActiveCfg = Debug|Any CPU
		{C2F6245E-D1E1-4096-A863-976C2A0DF034}.Debug|x86.Build.0 = Debug|Any CPU
		{C2F6245E-D1E1-4096-A863-976C2A0DF034}.Release|Any CPU.ActiveCfg = Release|Any CPU
		{C2F6245E-D1E1-4096-A863-976C2A0DF034}.Release|Any CPU.Build.0 = Release|Any CPU
		{C2F6245E-D1E1-4096-A863-976C2A0DF034}.Release|x64.ActiveCfg = Release|Any CPU
		{C2F6245E-D1E1-4096-A863-976C2A0DF034}.Release|x64.Build.0 = Release|Any CPU
		{C2F6245E-D1E1-4096-A863-976C2A0DF034}.Release|x86.ActiveCfg = Release|Any CPU
		{C2F6245E-D1E1-4096-A863-976C2A0DF034}.Release|x86.Build.0 = Release|Any CPU
		{1DF4B600-E361-4BFD-99E4-FB18E09AFBA3}.Debug|Any CPU.ActiveCfg = Debug|Any CPU
		{1DF4B600-E361-4BFD-99E4-FB18E09AFBA3}.Debug|Any CPU.Build.0 = Debug|Any CPU
		{1DF4B600-E361-4BFD-99E4-FB18E09AFBA3}.Debug|x64.ActiveCfg = Debug|Any CPU
		{1DF4B600-E361-4BFD-99E4-FB18E09AFBA3}.Debug|x64.Build.0 = Debug|Any CPU
		{1DF4B600-E361-4BFD-99E4-FB18E09AFBA3}.Debug|x86.ActiveCfg = Debug|Any CPU
		{1DF4B600-E361-4BFD-99E4-FB18E09AFBA3}.Debug|x86.Build.0 = Debug|Any CPU
		{1DF4B600-E361-4BFD-99E4-FB18E09AFBA3}.Release|Any CPU.ActiveCfg = Release|Any CPU
		{1DF4B600-E361-4BFD-99E4-FB18E09AFBA3}.Release|Any CPU.Build.0 = Release|Any CPU
		{1DF4B600-E361-4BFD-99E4-FB18E09AFBA3}.Release|x64.ActiveCfg = Release|Any CPU
		{1DF4B600-E361-4BFD-99E4-FB18E09AFBA3}.Release|x64.Build.0 = Release|Any CPU
		{1DF4B600-E361-4BFD-99E4-FB18E09AFBA3}.Release|x86.ActiveCfg = Release|Any CPU
		{1DF4B600-E361-4BFD-99E4-FB18E09AFBA3}.Release|x86.Build.0 = Release|Any CPU
		{E4364D20-FE27-44B3-8D4C-384E4279F12A}.Debug|Any CPU.ActiveCfg = Debug|Any CPU
		{E4364D20-FE27-44B3-8D4C-384E4279F12A}.Debug|Any CPU.Build.0 = Debug|Any CPU
		{E4364D20-FE27-44B3-8D4C-384E4279F12A}.Debug|x64.ActiveCfg = Debug|Any CPU
		{E4364D20-FE27-44B3-8D4C-384E4279F12A}.Debug|x64.Build.0 = Debug|Any CPU
		{E4364D20-FE27-44B3-8D4C-384E4279F12A}.Debug|x86.ActiveCfg = Debug|Any CPU
		{E4364D20-FE27-44B3-8D4C-384E4279F12A}.Debug|x86.Build.0 = Debug|Any CPU
		{E4364D20-FE27-44B3-8D4C-384E4279F12A}.Release|Any CPU.ActiveCfg = Release|Any CPU
		{E4364D20-FE27-44B3-8D4C-384E4279F12A}.Release|Any CPU.Build.0 = Release|Any CPU
		{E4364D20-FE27-44B3-8D4C-384E4279F12A}.Release|x64.ActiveCfg = Release|Any CPU
		{E4364D20-FE27-44B3-8D4C-384E4279F12A}.Release|x64.Build.0 = Release|Any CPU
		{E4364D20-FE27-44B3-8D4C-384E4279F12A}.Release|x86.ActiveCfg = Release|Any CPU
		{E4364D20-FE27-44B3-8D4C-384E4279F12A}.Release|x86.Build.0 = Release|Any CPU
		{3F90CFC9-DDB3-4A0B-A3AF-BA31D89BEB6A}.Debug|Any CPU.ActiveCfg = Debug|Any CPU
		{3F90CFC9-DDB3-4A0B-A3AF-BA31D89BEB6A}.Debug|Any CPU.Build.0 = Debug|Any CPU
		{3F90CFC9-DDB3-4A0B-A3AF-BA31D89BEB6A}.Debug|x64.ActiveCfg = Debug|Any CPU
		{3F90CFC9-DDB3-4A0B-A3AF-BA31D89BEB6A}.Debug|x64.Build.0 = Debug|Any CPU
		{3F90CFC9-DDB3-4A0B-A3AF-BA31D89BEB6A}.Debug|x86.ActiveCfg = Debug|Any CPU
		{3F90CFC9-DDB3-4A0B-A3AF-BA31D89BEB6A}.Debug|x86.Build.0 = Debug|Any CPU
		{3F90CFC9-DDB3-4A0B-A3AF-BA31D89BEB6A}.Release|Any CPU.ActiveCfg = Release|Any CPU
		{3F90CFC9-DDB3-4A0B-A3AF-BA31D89BEB6A}.Release|Any CPU.Build.0 = Release|Any CPU
		{3F90CFC9-DDB3-4A0B-A3AF-BA31D89BEB6A}.Release|x64.ActiveCfg = Release|Any CPU
		{3F90CFC9-DDB3-4A0B-A3AF-BA31D89BEB6A}.Release|x64.Build.0 = Release|Any CPU
		{3F90CFC9-DDB3-4A0B-A3AF-BA31D89BEB6A}.Release|x86.ActiveCfg = Release|Any CPU
		{3F90CFC9-DDB3-4A0B-A3AF-BA31D89BEB6A}.Release|x86.Build.0 = Release|Any CPU
		{1CCA8893-9F0B-4AD0-92D4-5557611751B6}.Debug|Any CPU.ActiveCfg = Debug|Any CPU
		{1CCA8893-9F0B-4AD0-92D4-5557611751B6}.Debug|Any CPU.Build.0 = Debug|Any CPU
		{1CCA8893-9F0B-4AD0-92D4-5557611751B6}.Debug|x64.ActiveCfg = Debug|Any CPU
		{1CCA8893-9F0B-4AD0-92D4-5557611751B6}.Debug|x64.Build.0 = Debug|Any CPU
		{1CCA8893-9F0B-4AD0-92D4-5557611751B6}.Debug|x86.ActiveCfg = Debug|Any CPU
		{1CCA8893-9F0B-4AD0-92D4-5557611751B6}.Debug|x86.Build.0 = Debug|Any CPU
		{1CCA8893-9F0B-4AD0-92D4-5557611751B6}.Release|Any CPU.ActiveCfg = Release|Any CPU
		{1CCA8893-9F0B-4AD0-92D4-5557611751B6}.Release|Any CPU.Build.0 = Release|Any CPU
		{1CCA8893-9F0B-4AD0-92D4-5557611751B6}.Release|x64.ActiveCfg = Release|Any CPU
		{1CCA8893-9F0B-4AD0-92D4-5557611751B6}.Release|x64.Build.0 = Release|Any CPU
		{1CCA8893-9F0B-4AD0-92D4-5557611751B6}.Release|x86.ActiveCfg = Release|Any CPU
		{1CCA8893-9F0B-4AD0-92D4-5557611751B6}.Release|x86.Build.0 = Release|Any CPU
		{E18FCD38-35F2-4623-9643-9A0360D57719}.Debug|Any CPU.ActiveCfg = Debug|Any CPU
		{E18FCD38-35F2-4623-9643-9A0360D57719}.Debug|Any CPU.Build.0 = Debug|Any CPU
		{E18FCD38-35F2-4623-9643-9A0360D57719}.Debug|x64.ActiveCfg = Debug|Any CPU
		{E18FCD38-35F2-4623-9643-9A0360D57719}.Debug|x64.Build.0 = Debug|Any CPU
		{E18FCD38-35F2-4623-9643-9A0360D57719}.Debug|x86.ActiveCfg = Debug|Any CPU
		{E18FCD38-35F2-4623-9643-9A0360D57719}.Debug|x86.Build.0 = Debug|Any CPU
		{E18FCD38-35F2-4623-9643-9A0360D57719}.Release|Any CPU.ActiveCfg = Release|Any CPU
		{E18FCD38-35F2-4623-9643-9A0360D57719}.Release|Any CPU.Build.0 = Release|Any CPU
		{E18FCD38-35F2-4623-9643-9A0360D57719}.Release|x64.ActiveCfg = Release|Any CPU
		{E18FCD38-35F2-4623-9643-9A0360D57719}.Release|x64.Build.0 = Release|Any CPU
		{E18FCD38-35F2-4623-9643-9A0360D57719}.Release|x86.ActiveCfg = Release|Any CPU
		{E18FCD38-35F2-4623-9643-9A0360D57719}.Release|x86.Build.0 = Release|Any CPU
		{09ABF839-53F1-498A-B69A-B1D37429BB24}.Debug|Any CPU.ActiveCfg = Debug|Any CPU
		{09ABF839-53F1-498A-B69A-B1D37429BB24}.Debug|Any CPU.Build.0 = Debug|Any CPU
		{09ABF839-53F1-498A-B69A-B1D37429BB24}.Debug|x64.ActiveCfg = Debug|Any CPU
		{09ABF839-53F1-498A-B69A-B1D37429BB24}.Debug|x64.Build.0 = Debug|Any CPU
		{09ABF839-53F1-498A-B69A-B1D37429BB24}.Debug|x86.ActiveCfg = Debug|Any CPU
		{09ABF839-53F1-498A-B69A-B1D37429BB24}.Debug|x86.Build.0 = Debug|Any CPU
		{09ABF839-53F1-498A-B69A-B1D37429BB24}.Release|Any CPU.ActiveCfg = Release|Any CPU
		{09ABF839-53F1-498A-B69A-B1D37429BB24}.Release|Any CPU.Build.0 = Release|Any CPU
		{09ABF839-53F1-498A-B69A-B1D37429BB24}.Release|x64.ActiveCfg = Release|Any CPU
		{09ABF839-53F1-498A-B69A-B1D37429BB24}.Release|x64.Build.0 = Release|Any CPU
		{09ABF839-53F1-498A-B69A-B1D37429BB24}.Release|x86.ActiveCfg = Release|Any CPU
		{09ABF839-53F1-498A-B69A-B1D37429BB24}.Release|x86.Build.0 = Release|Any CPU
		{2895A5E5-95C5-8788-4825-4B46E561CF81}.Debug|Any CPU.ActiveCfg = Debug|Any CPU
		{2895A5E5-95C5-8788-4825-4B46E561CF81}.Debug|Any CPU.Build.0 = Debug|Any CPU
		{2895A5E5-95C5-8788-4825-4B46E561CF81}.Debug|x64.ActiveCfg = Debug|Any CPU
		{2895A5E5-95C5-8788-4825-4B46E561CF81}.Debug|x64.Build.0 = Debug|Any CPU
		{2895A5E5-95C5-8788-4825-4B46E561CF81}.Debug|x86.ActiveCfg = Debug|Any CPU
		{2895A5E5-95C5-8788-4825-4B46E561CF81}.Debug|x86.Build.0 = Debug|Any CPU
		{2895A5E5-95C5-8788-4825-4B46E561CF81}.Release|Any CPU.ActiveCfg = Release|Any CPU
		{2895A5E5-95C5-8788-4825-4B46E561CF81}.Release|Any CPU.Build.0 = Release|Any CPU
		{2895A5E5-95C5-8788-4825-4B46E561CF81}.Release|x64.ActiveCfg = Release|Any CPU
		{2895A5E5-95C5-8788-4825-4B46E561CF81}.Release|x64.Build.0 = Release|Any CPU
		{2895A5E5-95C5-8788-4825-4B46E561CF81}.Release|x86.ActiveCfg = Release|Any CPU
		{2895A5E5-95C5-8788-4825-4B46E561CF81}.Release|x86.Build.0 = Release|Any CPU
		{9C2D7889-CEDE-41D1-9B63-5113B0B4B7E9}.Debug|Any CPU.ActiveCfg = Debug|Any CPU
		{9C2D7889-CEDE-41D1-9B63-5113B0B4B7E9}.Debug|Any CPU.Build.0 = Debug|Any CPU
		{9C2D7889-CEDE-41D1-9B63-5113B0B4B7E9}.Debug|x64.ActiveCfg = Debug|Any CPU
		{9C2D7889-CEDE-41D1-9B63-5113B0B4B7E9}.Debug|x64.Build.0 = Debug|Any CPU
		{9C2D7889-CEDE-41D1-9B63-5113B0B4B7E9}.Debug|x86.ActiveCfg = Debug|Any CPU
		{9C2D7889-CEDE-41D1-9B63-5113B0B4B7E9}.Debug|x86.Build.0 = Debug|Any CPU
		{9C2D7889-CEDE-41D1-9B63-5113B0B4B7E9}.Release|Any CPU.ActiveCfg = Release|Any CPU
		{9C2D7889-CEDE-41D1-9B63-5113B0B4B7E9}.Release|Any CPU.Build.0 = Release|Any CPU
		{9C2D7889-CEDE-41D1-9B63-5113B0B4B7E9}.Release|x64.ActiveCfg = Release|Any CPU
		{9C2D7889-CEDE-41D1-9B63-5113B0B4B7E9}.Release|x64.Build.0 = Release|Any CPU
		{9C2D7889-CEDE-41D1-9B63-5113B0B4B7E9}.Release|x86.ActiveCfg = Release|Any CPU
		{9C2D7889-CEDE-41D1-9B63-5113B0B4B7E9}.Release|x86.Build.0 = Release|Any CPU
		{E82B8FCF-C286-62AA-8698-72F2D8A4CE62}.Debug|Any CPU.ActiveCfg = Debug|Any CPU
		{E82B8FCF-C286-62AA-8698-72F2D8A4CE62}.Debug|Any CPU.Build.0 = Debug|Any CPU
		{E82B8FCF-C286-62AA-8698-72F2D8A4CE62}.Debug|x64.ActiveCfg = Debug|Any CPU
		{E82B8FCF-C286-62AA-8698-72F2D8A4CE62}.Debug|x64.Build.0 = Debug|Any CPU
		{E82B8FCF-C286-62AA-8698-72F2D8A4CE62}.Debug|x86.ActiveCfg = Debug|Any CPU
		{E82B8FCF-C286-62AA-8698-72F2D8A4CE62}.Debug|x86.Build.0 = Debug|Any CPU
		{E82B8FCF-C286-62AA-8698-72F2D8A4CE62}.Release|Any CPU.ActiveCfg = Release|Any CPU
		{E82B8FCF-C286-62AA-8698-72F2D8A4CE62}.Release|Any CPU.Build.0 = Release|Any CPU
		{E82B8FCF-C286-62AA-8698-72F2D8A4CE62}.Release|x64.ActiveCfg = Release|Any CPU
		{E82B8FCF-C286-62AA-8698-72F2D8A4CE62}.Release|x64.Build.0 = Release|Any CPU
		{E82B8FCF-C286-62AA-8698-72F2D8A4CE62}.Release|x86.ActiveCfg = Release|Any CPU
		{E82B8FCF-C286-62AA-8698-72F2D8A4CE62}.Release|x86.Build.0 = Release|Any CPU
		{C6FFE128-8AE4-4773-9FEA-FB4E335D2E56}.Debug|Any CPU.ActiveCfg = Debug|Any CPU
		{C6FFE128-8AE4-4773-9FEA-FB4E335D2E56}.Debug|Any CPU.Build.0 = Debug|Any CPU
		{C6FFE128-8AE4-4773-9FEA-FB4E335D2E56}.Debug|x64.ActiveCfg = Debug|Any CPU
		{C6FFE128-8AE4-4773-9FEA-FB4E335D2E56}.Debug|x64.Build.0 = Debug|Any CPU
		{C6FFE128-8AE4-4773-9FEA-FB4E335D2E56}.Debug|x86.ActiveCfg = Debug|Any CPU
		{C6FFE128-8AE4-4773-9FEA-FB4E335D2E56}.Debug|x86.Build.0 = Debug|Any CPU
		{C6FFE128-8AE4-4773-9FEA-FB4E335D2E56}.Release|Any CPU.ActiveCfg = Release|Any CPU
		{C6FFE128-8AE4-4773-9FEA-FB4E335D2E56}.Release|Any CPU.Build.0 = Release|Any CPU
		{C6FFE128-8AE4-4773-9FEA-FB4E335D2E56}.Release|x64.ActiveCfg = Release|Any CPU
		{C6FFE128-8AE4-4773-9FEA-FB4E335D2E56}.Release|x64.Build.0 = Release|Any CPU
		{C6FFE128-8AE4-4773-9FEA-FB4E335D2E56}.Release|x86.ActiveCfg = Release|Any CPU
		{C6FFE128-8AE4-4773-9FEA-FB4E335D2E56}.Release|x86.Build.0 = Release|Any CPU
		{B043CD3A-F963-4919-93C7-9F37CE279D25}.Debug|Any CPU.ActiveCfg = Debug|Any CPU
		{B043CD3A-F963-4919-93C7-9F37CE279D25}.Debug|Any CPU.Build.0 = Debug|Any CPU
		{B043CD3A-F963-4919-93C7-9F37CE279D25}.Debug|x64.ActiveCfg = Debug|Any CPU
		{B043CD3A-F963-4919-93C7-9F37CE279D25}.Debug|x64.Build.0 = Debug|Any CPU
		{B043CD3A-F963-4919-93C7-9F37CE279D25}.Debug|x86.ActiveCfg = Debug|Any CPU
		{B043CD3A-F963-4919-93C7-9F37CE279D25}.Debug|x86.Build.0 = Debug|Any CPU
		{B043CD3A-F963-4919-93C7-9F37CE279D25}.Release|Any CPU.ActiveCfg = Release|Any CPU
		{B043CD3A-F963-4919-93C7-9F37CE279D25}.Release|Any CPU.Build.0 = Release|Any CPU
		{B043CD3A-F963-4919-93C7-9F37CE279D25}.Release|x64.ActiveCfg = Release|Any CPU
		{B043CD3A-F963-4919-93C7-9F37CE279D25}.Release|x64.Build.0 = Release|Any CPU
		{B043CD3A-F963-4919-93C7-9F37CE279D25}.Release|x86.ActiveCfg = Release|Any CPU
		{B043CD3A-F963-4919-93C7-9F37CE279D25}.Release|x86.Build.0 = Release|Any CPU
		{F728564A-91F7-433F-BB37-E9BF875CF689}.Debug|Any CPU.ActiveCfg = Debug|Any CPU
		{F728564A-91F7-433F-BB37-E9BF875CF689}.Debug|Any CPU.Build.0 = Debug|Any CPU
		{F728564A-91F7-433F-BB37-E9BF875CF689}.Debug|x64.ActiveCfg = Debug|Any CPU
		{F728564A-91F7-433F-BB37-E9BF875CF689}.Debug|x64.Build.0 = Debug|Any CPU
		{F728564A-91F7-433F-BB37-E9BF875CF689}.Debug|x86.ActiveCfg = Debug|Any CPU
		{F728564A-91F7-433F-BB37-E9BF875CF689}.Debug|x86.Build.0 = Debug|Any CPU
		{F728564A-91F7-433F-BB37-E9BF875CF689}.Release|Any CPU.ActiveCfg = Release|Any CPU
		{F728564A-91F7-433F-BB37-E9BF875CF689}.Release|Any CPU.Build.0 = Release|Any CPU
		{F728564A-91F7-433F-BB37-E9BF875CF689}.Release|x64.ActiveCfg = Release|Any CPU
		{F728564A-91F7-433F-BB37-E9BF875CF689}.Release|x64.Build.0 = Release|Any CPU
		{F728564A-91F7-433F-BB37-E9BF875CF689}.Release|x86.ActiveCfg = Release|Any CPU
		{F728564A-91F7-433F-BB37-E9BF875CF689}.Release|x86.Build.0 = Release|Any CPU
	EndGlobalSection
	GlobalSection(SolutionProperties) = preSolution
		HideSolutionNode = FALSE
	EndGlobalSection
	GlobalSection(NestedProjects) = preSolution
		{FBA4AB39-5629-FEAB-5F49-9C44FF57B532} = {1986D775-7154-3123-F80F-144B22DD78F3}
		{E00FB2C5-434D-D5BA-165F-F0D2FB9B7F59} = {1986D775-7154-3123-F80F-144B22DD78F3}
		{AEF1EDBA-41AB-003F-E84A-DD65FE59C236} = {10978B47-FFD0-284F-D285-3EF30A0CB5BE}
		{90596DAC-015F-DFF0-2F0B-5751F6A13485} = {E7A9F9B0-67CA-E625-5641-37137B097CD9}
		{14CD34F5-B452-759E-A758-C58CC4DE7804} = {1986D775-7154-3123-F80F-144B22DD78F3}
		{244F570E-F0A7-A1C9-7667-889EBBFDDAAA} = {1986D775-7154-3123-F80F-144B22DD78F3}
		{8F41964F-BEFB-4980-9A80-71746A11E9F5} = {E7A9F9B0-67CA-E625-5641-37137B097CD9}
		{68CF26BD-5130-4BE4-A9CF-7FADFE0BF570} = {E7A9F9B0-67CA-E625-5641-37137B097CD9}
		{92C25623-83FC-49F4-884A-3D3C62E4568D} = {E7A9F9B0-67CA-E625-5641-37137B097CD9}
		{7C118DAE-2497-4309-8074-2DA69D2612BC} = {8E50D4FC-A025-4CB2-B88E-51BE34E656FF}
		{CBBB4752-DEC1-E30B-28B5-233306229D3C} = {1986D775-7154-3123-F80F-144B22DD78F3}
		{39BAF23D-A6C3-46DC-BCF7-7F47B20593C6} = {8E50D4FC-A025-4CB2-B88E-51BE34E656FF}
		{E7BC150C-0AD3-46AB-88C5-775E539F88E4} = {1986D775-7154-3123-F80F-144B22DD78F3}
		{F82FABF3-7721-4A43-8AFD-22389865DA32} = {E7A9F9B0-67CA-E625-5641-37137B097CD9}
	EndGlobalSection
	GlobalSection(ExtensibilityGlobals) = postSolution
		SolutionGuid = {66CA5B9A-F349-4235-84D4-2E1CA9DEAA23}
	EndGlobalSection
EndGlobal
